
Microsoft Visual Studio Solution File, Format Version 12.00
# Visual Studio Version 16
VisualStudioVersion = 16.0.30621.155
MinimumVisualStudioVersion = 10.0.40219.1
Project("{9A19103F-16F7-4668-BE54-9A1E7A4F7556}") = "CsharpImageConverter.App", "CsharpImageConverter.App\CsharpImageConverter.App.csproj", "{A975FE98-9DD6-4621-9CDA-CF14DA614DDD}"
EndProject
Project("{2150E333-8FDC-42A3-9474-1A3956D46DE8}") = "Solution Items", "Solution Items", "{F649B4F9-6AB1-434C-A7F6-66396E4F73AE}"
	ProjectSection(SolutionItems) = preProject
		README.md = README.md
	EndProjectSection
EndProject
Project("{9A19103F-16F7-4668-BE54-9A1E7A4F7556}") = "CsharpImageConverter.Benchmark", "CsharpImageConverter.Benchmark\CsharpImageConverter.Benchmark.csproj", "{30135C03-F432-4EAF-8481-6E12191D06FC}"
EndProject
Project("{9A19103F-16F7-4668-BE54-9A1E7A4F7556}") = "CsharpImageConverter.Test", "CsharpImageConverter.Test\CsharpImageConverter.Test.csproj", "{AA3AEC79-F966-4353-8726-CC503DF9388F}"
EndProject
Global
	GlobalSection(SolutionConfigurationPlatforms) = preSolution
		Debug|Any CPU = Debug|Any CPU
		Release|Any CPU = Release|Any CPU
	EndGlobalSection
	GlobalSection(ProjectConfigurationPlatforms) = postSolution
		{A975FE98-9DD6-4621-9CDA-CF14DA614DDD}.Debug|Any CPU.ActiveCfg = Debug|Any CPU
		{A975FE98-9DD6-4621-9CDA-CF14DA614DDD}.Debug|Any CPU.Build.0 = Debug|Any CPU
		{A975FE98-9DD6-4621-9CDA-CF14DA614DDD}.Release|Any CPU.ActiveCfg = Release|Any CPU
		{A975FE98-9DD6-4621-9CDA-CF14DA614DDD}.Release|Any CPU.Build.0 = Release|Any CPU
		{30135C03-F432-4EAF-8481-6E12191D06FC}.Debug|Any CPU.ActiveCfg = Debug|Any CPU
		{30135C03-F432-4EAF-8481-6E12191D06FC}.Debug|Any CPU.Build.0 = Debug|Any CPU
		{30135C03-F432-4EAF-8481-6E12191D06FC}.Release|Any CPU.ActiveCfg = Release|Any CPU
		{30135C03-F432-4EAF-8481-6E12191D06FC}.Release|Any CPU.Build.0 = Release|Any CPU
		{AA3AEC79-F966-4353-8726-CC503DF9388F}.Debug|Any CPU.ActiveCfg = Debug|Any CPU
		{AA3AEC79-F966-4353-8726-CC503DF9388F}.Debug|Any CPU.Build.0 = Debug|Any CPU
		{AA3AEC79-F966-4353-8726-CC503DF9388F}.Release|Any CPU.ActiveCfg = Release|Any CPU
		{AA3AEC79-F966-4353-8726-CC503DF9388F}.Release|Any CPU.Build.0 = Release|Any CPU
	EndGlobalSection
	GlobalSection(SolutionProperties) = preSolution
		HideSolutionNode = FALSE
	EndGlobalSection
	GlobalSection(ExtensibilityGlobals) = postSolution
		SolutionGuid = {BDD02DC1-D3ED-4A9C-BF23-9FCC90F02228}
	EndGlobalSection
EndGlobal
